
Microsoft Visual Studio Solution File, Format Version 12.00
# Visual Studio Version 17
VisualStudioVersion = 17.5.33627.172
MinimumVisualStudioVersion = 10.0.40219.1
Project("{FAE04EC0-301F-11D3-BF4B-00C04F79EFBC}") = "LibraryBazzar", "LibraryBazzar.csproj", "{21B3DAF5-CC10-4718-9AF2-7DD6EFCB3C83}"
EndProject
Global
	GlobalSection(SolutionConfigurationPlatforms) = preSolution
		Debug|Any CPU = Debug|Any CPU
		Release|Any CPU = Release|Any CPU
	EndGlobalSection
	GlobalSection(ProjectConfigurationPlatforms) = postSolution
		{21B3DAF5-CC10-4718-9AF2-7DD6EFCB3C83}.Debug|Any CPU.ActiveCfg = Debug|Any CPU
		{21B3DAF5-CC10-4718-9AF2-7DD6EFCB3C83}.Debug|Any CPU.Build.0 = Debug|Any CPU
		{21B3DAF5-CC10-4718-9AF2-7DD6EFCB3C83}.Release|Any CPU.ActiveCfg = Release|Any CPU
		{21B3DAF5-CC10-4718-9AF2-7DD6EFCB3C83}.Release|Any CPU.Build.0 = Release|Any CPU
	EndGlobalSection
	GlobalSection(SolutionProperties) = preSolution
		HideSolutionNode = FALSE
	EndGlobalSection
	GlobalSection(ExtensibilityGlobals) = postSolution
		SolutionGuid = {897A6A3B-D326-4E55-8327-EC90A30D8591}
	EndGlobalSection
EndGlobal
